
Microsoft Visual Studio Solution File, Format Version 12.00
# Visual Studio Version 17
VisualStudioVersion = 17.0.31903.59
MinimumVisualStudioVersion = 10.0.40219.1
Project("{FAE04EC0-301F-11D3-BF4B-00C04F79EFBC}") = "Domain", "Domain\Domain.csproj", "{CD5C7535-D3A6-4F96-8281-78935295D492}"
EndProject
Project("{FAE04EC0-301F-11D3-BF4B-00C04F79EFBC}") = "Infrastructure", "Infrastructure\Infrastructure.csproj", "{2E14CF90-AB2F-4CB6-ABDF-F2D39CBDD29A}"
EndProject
Project("{FAE04EC0-301F-11D3-BF4B-00C04F79EFBC}") = "WebApi", "WebApi\WebApi.csproj", "{DCAC57A4-0C5B-4734-A6AE-D34FD03DEAE7}"
EndProject
Global
	GlobalSection(SolutionConfigurationPlatforms) = preSolution
		Debug|Any CPU = Debug|Any CPU
		Release|Any CPU = Release|Any CPU
	EndGlobalSection
	GlobalSection(SolutionProperties) = preSolution
		HideSolutionNode = FALSE
	EndGlobalSection
	GlobalSection(ProjectConfigurationPlatforms) = postSolution
		{CD5C7535-D3A6-4F96-8281-78935295D492}.Debug|Any CPU.ActiveCfg = Debug|Any CPU
		{CD5C7535-D3A6-4F96-8281-78935295D492}.Debug|Any CPU.Build.0 = Debug|Any CPU
		{CD5C7535-D3A6-4F96-8281-78935295D492}.Release|Any CPU.ActiveCfg = Release|Any CPU
		{CD5C7535-D3A6-4F96-8281-78935295D492}.Release|Any CPU.Build.0 = Release|Any CPU
		{2E14CF90-AB2F-4CB6-ABDF-F2D39CBDD29A}.Debug|Any CPU.ActiveCfg = Debug|Any CPU
		{2E14CF90-AB2F-4CB6-ABDF-F2D39CBDD29A}.Debug|Any CPU.Build.0 = Debug|Any CPU
		{2E14CF90-AB2F-4CB6-ABDF-F2D39CBDD29A}.Release|Any CPU.ActiveCfg = Release|Any CPU
		{2E14CF90-AB2F-4CB6-ABDF-F2D39CBDD29A}.Release|Any CPU.Build.0 = Release|Any CPU
		{DCAC57A4-0C5B-4734-A6AE-D34FD03DEAE7}.Debug|Any CPU.ActiveCfg = Debug|Any CPU
		{DCAC57A4-0C5B-4734-A6AE-D34FD03DEAE7}.Debug|Any CPU.Build.0 = Debug|Any CPU
		{DCAC57A4-0C5B-4734-A6AE-D34FD03DEAE7}.Release|Any CPU.ActiveCfg = Release|Any CPU
		{DCAC57A4-0C5B-4734-A6AE-D34FD03DEAE7}.Release|Any CPU.Build.0 = Release|Any CPU
	EndGlobalSection
EndGlobal
